
Microsoft Visual Studio Solution File, Format Version 12.00
# Visual Studio Version 17
VisualStudioVersion = 17.0.31521.260
MinimumVisualStudioVersion = 10.0.40219.1
Project("{FAE04EC0-301F-11D3-BF4B-00C04F79EFBC}") = "DelegatesSummery", "DelegatesSummery\DelegatesSummery.csproj", "{274B2B5A-1B58-4ADC-97F2-F14BBA898452}"
EndProject
Global
	GlobalSection(SolutionConfigurationPlatforms) = preSolution
		Debug|Any CPU = Debug|Any CPU
		Release|Any CPU = Release|Any CPU
	EndGlobalSection
	GlobalSection(ProjectConfigurationPlatforms) = postSolution
		{274B2B5A-1B58-4ADC-97F2-F14BBA898452}.Debug|Any CPU.ActiveCfg = Debug|Any CPU
		{274B2B5A-1B58-4ADC-97F2-F14BBA898452}.Debug|Any CPU.Build.0 = Debug|Any CPU
		{274B2B5A-1B58-4ADC-97F2-F14BBA898452}.Release|Any CPU.ActiveCfg = Release|Any CPU
		{274B2B5A-1B58-4ADC-97F2-F14BBA898452}.Release|Any CPU.Build.0 = Release|Any CPU
	EndGlobalSection
	GlobalSection(SolutionProperties) = preSolution
		HideSolutionNode = FALSE
	EndGlobalSection
	GlobalSection(ExtensibilityGlobals) = postSolution
		SolutionGuid = {8B47C3B9-95CF-4DCF-8A2A-E90AE7B0BD97}
	EndGlobalSection
EndGlobal
